github.com/rwxrob/bonzai v0.53.0 h1:JMbyAunbBh6PFmDlwLCdWIaEcjKW5P60GfAUKbctbyY=
github.com/rwxrob/bonzai v0.53.0/go.mod h1:217QTdfv41+Dji8cAeko6oXcaPR9I31xvbOP9ksNx5U=
golang.org/x/image v0.22.0 h1:UtK5yLUzilVrkjMAZAZ34DXGpASN8i8pj8g+O+yd10g=
golang.org/x/image v0.22.0/go.mod h1:9hPFhljd4zZ1GNSIZJ49sqbp45GKK9t6w+iXvGqZUz4=
